
Microsoft Visual Studio Solution File, Format Version 12.00
# Visual Studio 15
VisualStudioVersion = 15.0.27004.2009
MinimumVisualStudioVersion = 10.0.40219.1
Project("{9A19103F-16F7-4668-BE54-9A1E7A4F7556}") = "CSRakowski.ParallelAsync", "CSRakowski.ParallelAsync\CSRakowski.ParallelAsync.csproj", "{A7EAE71C-5122-41D5-81CE-8CD626F861AF}"
EndProject
Project("{FAE04EC0-301F-11D3-BF4B-00C04F79EFBC}") = "CSRakowski.ParallelAsync.Tests", "CSRakowski.ParallelAsync.Tests\CSRakowski.ParallelAsync.Tests.csproj", "{8EDF4429-251A-416D-BB68-93F227191BCF}"
EndProject
Global
	GlobalSection(SolutionConfigurationPlatforms) = preSolution
		Debug|Any CPU = Debug|Any CPU
		Release|Any CPU = Release|Any CPU
	EndGlobalSection
	GlobalSection(ProjectConfigurationPlatforms) = postSolution
		{A7EAE71C-5122-41D5-81CE-8CD626F861AF}.Debug|Any CPU.ActiveCfg = Debug|Any CPU
		{A7EAE71C-5122-41D5-81CE-8CD626F861AF}.Debug|Any CPU.Build.0 = Debug|Any CPU
		{A7EAE71C-5122-41D5-81CE-8CD626F861AF}.Release|Any CPU.ActiveCfg = Release|Any CPU
		{A7EAE71C-5122-41D5-81CE-8CD626F861AF}.Release|Any CPU.Build.0 = Release|Any CPU
		{8EDF4429-251A-416D-BB68-93F227191BCF}.Debug|Any CPU.ActiveCfg = Debug|Any CPU
		{8EDF4429-251A-416D-BB68-93F227191BCF}.Debug|Any CPU.Build.0 = Debug|Any CPU
		{8EDF4429-251A-416D-BB68-93F227191BCF}.Release|Any CPU.ActiveCfg = Release|Any CPU
		{8EDF4429-251A-416D-BB68-93F227191BCF}.Release|Any CPU.Build.0 = Release|Any CPU
	EndGlobalSection
	GlobalSection(SolutionProperties) = preSolution
		HideSolutionNode = FALSE
	EndGlobalSection
	GlobalSection(ExtensibilityGlobals) = postSolution
		SolutionGuid = {1D0D0442-0469-4C2F-A36A-16F825704000}
	EndGlobalSection
EndGlobal
